{
    "_meta": {
        "hash": {
            "sha256": "c2efeeaa17a9968217be857c23bf80da0c5a39338ebb1e4064aec011d2c981fc"
        },
        "pipfile-spec": 6,
        "requires": {
            "python_version": "2.7"
        },
        "sources": [
            {
                "name": "pypi",
                "url": "https://pypi.org/simple",
                "verify_ssl": true
            }
        ]
    },
    "default": {
        "dj-database-url": {
            "hashes": [
                "sha256:7f4c78d2a090df8dfaf56d5d3ff7bbee17360436e4879558317e2314424864cd"
            ],
            "index": "pypi",
            "version": "==0.4.1"
        },
        "django": {
            "hashes": [
                "sha256:bb3109a31cfa016e5f234223665f80fc06107f2169afb9f6dc8828295db73547",
                "sha256:bbcefdf822eeef2cd04718ebcc24dd2ecf47407258cfcde2b4f95df57ce33a8c"
            ],
            "index": "pypi",
            "version": "==1.11.1"
        },
        "gunicorn": {
            "hashes": [
                "sha256:723234ea1fa8dff370ab69830ba8bc37469a7cba13fd66055faeef24085e6530",
                "sha256:813f6916d18a4c8e90efde72f419308b357692f81333cb1125f80013d22fb618"
            ],
            "index": "pypi",
            "version": "==19.6.0"
        },
        "pytz": {
            "hashes": [
                "sha256:a061aa0a9e06881eb8b3b2b43f05b9439d6583c206d0a6c340ff72a7b6669053",
                "sha256:ffb9ef1de172603304d9d2819af6f5ece76f2e85ec10692a524dd876e72bf277"
            ],
            "version": "==2018.5"
        },
        "whitenoise": {
            "hashes": [
                "sha256:13e5d6673c7c0805c73037b7745e027141a8e39c5b6ba669b631c8fb3d05b06e",
                "sha256:bf6488a3c7c947385d663bcf24957a4f1b5d3c215e86ec121eb5f3b7670ed693"
            ],
            "index": "pypi",
            "version": "==3.2"
        }
    },
    "develop": {}
}
